
Microsoft Visual Studio Solution File, Format Version 12.00
# Visual Studio Version 17
VisualStudioVersion = 17.7.34018.315
MinimumVisualStudioVersion = 10.0.40219.1
Project("{FAE04EC0-301F-11D3-BF4B-00C04F79EFBC}") = "MySecurePasswordManager", "MySecurePasswordManager\MySecurePasswordManager.csproj", "{3FEEEB28-2A14-49C2-A948-6FB11A2069F4}"
EndProject
Project("{FAE04EC0-301F-11D3-BF4B-00C04F79EFBC}") = "MySecurePasswordManager.Tests", "MySecurePasswordManager.Tests\MySecurePasswordManager.Tests.csproj", "{C6042AEA-21BC-4B00-89FD-303B81EE7A41}"
EndProject
Global
	GlobalSection(SolutionConfigurationPlatforms) = preSolution
		Debug|Any CPU = Debug|Any CPU
		Release|Any CPU = Release|Any CPU
	EndGlobalSection
	GlobalSection(ProjectConfigurationPlatforms) = postSolution
		{3FEEEB28-2A14-49C2-A948-6FB11A2069F4}.Debug|Any CPU.ActiveCfg = Debug|Any CPU
		{3FEEEB28-2A14-49C2-A948-6FB11A2069F4}.Debug|Any CPU.Build.0 = Debug|Any CPU
		{3FEEEB28-2A14-49C2-A948-6FB11A2069F4}.Release|Any CPU.ActiveCfg = Release|Any CPU
		{3FEEEB28-2A14-49C2-A948-6FB11A2069F4}.Release|Any CPU.Build.0 = Release|Any CPU
		{C6042AEA-21BC-4B00-89FD-303B81EE7A41}.Debug|Any CPU.ActiveCfg = Debug|Any CPU
		{C6042AEA-21BC-4B00-89FD-303B81EE7A41}.Debug|Any CPU.Build.0 = Debug|Any CPU
		{C6042AEA-21BC-4B00-89FD-303B81EE7A41}.Release|Any CPU.ActiveCfg = Release|Any CPU
		{C6042AEA-21BC-4B00-89FD-303B81EE7A41}.Release|Any CPU.Build.0 = Release|Any CPU
	EndGlobalSection
	GlobalSection(SolutionProperties) = preSolution
		HideSolutionNode = FALSE
	EndGlobalSection
	GlobalSection(ExtensibilityGlobals) = postSolution
		SolutionGuid = {2718A8ED-49AE-40AA-8E6E-906DC335C9EE}
	EndGlobalSection
EndGlobal
